
Microsoft Visual Studio Solution File, Format Version 12.00
# Visual Studio Version 17
VisualStudioVersion = 17.11.35312.102
MinimumVisualStudioVersion = 10.0.40219.1
Project("{FAE04EC0-301F-11D3-BF4B-00C04F79EFBC}") = "SoftProgWA", "AmorYPazBackend\SoftProgWA.csproj", "{6FE27EC4-7EF5-4F72-BC0C-8118FAD61172}"
EndProject
Global
	GlobalSection(SolutionConfigurationPlatforms) = preSolution
		Debug|Any CPU = Debug|Any CPU
		Release|Any CPU = Release|Any CPU
	EndGlobalSection
	GlobalSection(ProjectConfigurationPlatforms) = postSolution
		{6FE27EC4-7EF5-4F72-BC0C-8118FAD61172}.Debug|Any CPU.ActiveCfg = Debug|Any CPU
		{6FE27EC4-7EF5-4F72-BC0C-8118FAD61172}.Debug|Any CPU.Build.0 = Debug|Any CPU
		{6FE27EC4-7EF5-4F72-BC0C-8118FAD61172}.Release|Any CPU.ActiveCfg = Release|Any CPU
		{6FE27EC4-7EF5-4F72-BC0C-8118FAD61172}.Release|Any CPU.Build.0 = Release|Any CPU
	EndGlobalSection
	GlobalSection(SolutionProperties) = preSolution
		HideSolutionNode = FALSE
	EndGlobalSection
	GlobalSection(ExtensibilityGlobals) = postSolution
		SolutionGuid = {CBF1DA68-D6C4-4811-B962-A648032A7754}
	EndGlobalSection
EndGlobal
